
Microsoft Visual Studio Solution File, Format Version 12.00
# Visual Studio Version 17
VisualStudioVersion = 17.14.36623.8 d17.14
MinimumVisualStudioVersion = 10.0.40219.1
Project("{FAE04EC0-301F-11D3-BF4B-00C04F79EFBC}") = "StrayCare6.0", "StrayCare6.0\StrayCare6.0.csproj", "{5CB26E6D-FAAE-4B66-B7A1-0941E196D31C}"
EndProject
Global
	GlobalSection(SolutionConfigurationPlatforms) = preSolution
		Debug|Any CPU = Debug|Any CPU
		Release|Any CPU = Release|Any CPU
	EndGlobalSection
	GlobalSection(ProjectConfigurationPlatforms) = postSolution
		{5CB26E6D-FAAE-4B66-B7A1-0941E196D31C}.Debug|Any CPU.ActiveCfg = Debug|Any CPU
		{5CB26E6D-FAAE-4B66-B7A1-0941E196D31C}.Debug|Any CPU.Build.0 = Debug|Any CPU
		{5CB26E6D-FAAE-4B66-B7A1-0941E196D31C}.Release|Any CPU.ActiveCfg = Release|Any CPU
		{5CB26E6D-FAAE-4B66-B7A1-0941E196D31C}.Release|Any CPU.Build.0 = Release|Any CPU
	EndGlobalSection
	GlobalSection(SolutionProperties) = preSolution
		HideSolutionNode = FALSE
	EndGlobalSection
	GlobalSection(ExtensibilityGlobals) = postSolution
		SolutionGuid = {5DD88BDA-45F9-4231-BA30-B7DF7AE5CEDC}
	EndGlobalSection
EndGlobal
